# THIS IS AN AUTOGENERATED FILE. DO NOT EDIT THIS FILE DIRECTLY.
# yarn lockfile v1


"@fortawesome/fontawesome-common-types@^0.2.25":
  version "0.2.25"
  resolved "https://registry.yarnpkg.com/@fortawesome/fontawesome-common-types/-/fontawesome-common-types-0.2.25.tgz#6df015905081f2762e5cfddeb7a20d2e9b16c786"
  integrity sha512-3RuZPDuuPELd7RXtUqTCfed14fcny9UiPOkdr2i+cYxBoTOfQgxcDoq77fHiiHcgWuo1LoBUpvGxFF1H/y7s3Q==

"@fortawesome/fontawesome-svg-core@^1.2.25":
  version "1.2.25"
  resolved "https://registry.yarnpkg.com/@fortawesome/fontawesome-svg-core/-/fontawesome-svg-core-1.2.25.tgz#24b03391d14f0c6171e8cad7057c687b74049790"
  integrity sha512-MotKnn53JKqbkLQiwcZSBJVYtTgIKFbh7B8+kd05TSnfKYPFmjKKI59o2fpz5t0Hzl35vVGU6+N4twoOpZUrqA==
  dependencies:
    "@fortawesome/fontawesome-common-types" "^0.2.25"

"@fortawesome/free-brands-svg-icons@^5.11.2":
  version "5.11.2"
  resolved "https://registry.yarnpkg.com/@fortawesome/free-brands-svg-icons/-/free-brands-svg-icons-5.11.2.tgz#39d4296d03bf5719c579dea4bdcdd356ed2de0b4"
  integrity sha512-wKK5znpHiZ2S0VgOvbeAnYuzkk3H86rxWajD9PVpfBj3s/kySEWTFKh/uLPyxiTOx8Tsd0OGN4En/s9XudVHLQ==
  dependencies:
    "@fortawesome/fontawesome-common-types" "^0.2.25"

"@fortawesome/free-solid-svg-icons@^5.11.2":
  version "5.11.2"
  resolved "https://registry.yarnpkg.com/@fortawesome/free-solid-svg-icons/-/free-solid-svg-icons-5.11.2.tgz#2f2f1459743a27902b76655a0d0bc5ec4d945631"
  integrity sha512-zBue4i0PAZJUXOmLBBvM7L0O7wmsDC8dFv9IhpW5QL4kT9xhhVUsYg/LX1+5KaukWq4/cbDcKT+RT1aRe543sg==
  dependencies:
    "@fortawesome/fontawesome-common-types" "^0.2.25"

typescript@^3.6.3:
  version "3.6.3"
  resolved "https://registry.yarnpkg.com/typescript/-/typescript-3.6.3.tgz#fea942fabb20f7e1ca7164ff626f1a9f3f70b4da"
  integrity sha512-N7bceJL1CtRQ2RiG0AQME13ksR7DiuQh/QehubYcghzv20tnh+MQnQIuJddTmsbqYj+dztchykemz0zFzlvdQw==
